
Microsoft Visual Studio Solution File, Format Version 12.00
# Visual Studio Version 17
VisualStudioVersion = 17.0.31903.59
MinimumVisualStudioVersion = 10.0.40219.1
Project("{FAE04EC0-301F-11D3-BF4B-00C04F79EFBC}") = "cars.webapp", "cars.webapp\cars.webapp.csproj", "{493CAE6C-941C-4543-9531-0068C74B9FC1}"
EndProject
Project("{FAE04EC0-301F-11D3-BF4B-00C04F79EFBC}") = "cars.wwwapi", "cars.wwwapi\cars.wwwapi.csproj", "{9EFDF816-2C0B-47DA-A88E-ABB878287423}"
EndProject
Global
	GlobalSection(SolutionConfigurationPlatforms) = preSolution
		Debug|Any CPU = Debug|Any CPU
		Release|Any CPU = Release|Any CPU
	EndGlobalSection
	GlobalSection(SolutionProperties) = preSolution
		HideSolutionNode = FALSE
	EndGlobalSection
	GlobalSection(ProjectConfigurationPlatforms) = postSolution
		{493CAE6C-941C-4543-9531-0068C74B9FC1}.Debug|Any CPU.ActiveCfg = Debug|Any CPU
		{493CAE6C-941C-4543-9531-0068C74B9FC1}.Debug|Any CPU.Build.0 = Debug|Any CPU
		{493CAE6C-941C-4543-9531-0068C74B9FC1}.Release|Any CPU.ActiveCfg = Release|Any CPU
		{493CAE6C-941C-4543-9531-0068C74B9FC1}.Release|Any CPU.Build.0 = Release|Any CPU
		{9EFDF816-2C0B-47DA-A88E-ABB878287423}.Debug|Any CPU.ActiveCfg = Debug|Any CPU
		{9EFDF816-2C0B-47DA-A88E-ABB878287423}.Debug|Any CPU.Build.0 = Debug|Any CPU
		{9EFDF816-2C0B-47DA-A88E-ABB878287423}.Release|Any CPU.ActiveCfg = Release|Any CPU
		{9EFDF816-2C0B-47DA-A88E-ABB878287423}.Release|Any CPU.Build.0 = Release|Any CPU
	EndGlobalSection
EndGlobal
